
Microsoft Visual Studio Solution File, Format Version 12.00
# Visual Studio 14
VisualStudioVersion = 14.0.23107.0
MinimumVisualStudioVersion = 10.0.40219.1
Project("{FAE04EC0-301F-11D3-BF4B-00C04F79EFBC}") = "DeviceDemo1", "DeviceDemo1\DeviceDemo1.csproj", "{1DA08BAE-AA56-4CBA-9C60-EEBC3F2E2364}"
EndProject
Project("{FAE04EC0-301F-11D3-BF4B-00C04F79EFBC}") = "Device2Cloud", "Device2Cloud\Device2Cloud.csproj", "{0B3DBE63-454F-4224-981A-7ECE7E4244BC}"
EndProject
Project("{FAE04EC0-301F-11D3-BF4B-00C04F79EFBC}") = "SimulateDevice", "SimulateDevice\SimulateDevice.csproj", "{241FCF7F-1640-40D0-A1B8-966C18BCEB06}"
EndProject
Project("{FAE04EC0-301F-11D3-BF4B-00C04F79EFBC}") = "Cloud2Device", "Cloud2Device\Cloud2Device.csproj", "{BF549F71-997D-49A9-909C-7C74FAABF22B}"
EndProject
Global
	GlobalSection(SolutionConfigurationPlatforms) = preSolution
		Debug|Any CPU = Debug|Any CPU
		Debug|x64 = Debug|x64
		Debug|x86 = Debug|x86
		Release|Any CPU = Release|Any CPU
		Release|x64 = Release|x64
		Release|x86 = Release|x86
	EndGlobalSection
	GlobalSection(ProjectConfigurationPlatforms) = postSolution
		{1DA08BAE-AA56-4CBA-9C60-EEBC3F2E2364}.Debug|Any CPU.ActiveCfg = Debug|Any CPU
		{1DA08BAE-AA56-4CBA-9C60-EEBC3F2E2364}.Debug|Any CPU.Build.0 = Debug|Any CPU
		{1DA08BAE-AA56-4CBA-9C60-EEBC3F2E2364}.Debug|x64.ActiveCfg = Debug|Any CPU
		{1DA08BAE-AA56-4CBA-9C60-EEBC3F2E2364}.Debug|x64.Build.0 = Debug|Any CPU
		{1DA08BAE-AA56-4CBA-9C60-EEBC3F2E2364}.Debug|x86.ActiveCfg = Debug|Any CPU
		{1DA08BAE-AA56-4CBA-9C60-EEBC3F2E2364}.Debug|x86.Build.0 = Debug|Any CPU
		{1DA08BAE-AA56-4CBA-9C60-EEBC3F2E2364}.Release|Any CPU.ActiveCfg = Release|Any CPU
		{1DA08BAE-AA56-4CBA-9C60-EEBC3F2E2364}.Release|Any CPU.Build.0 = Release|Any CPU
		{1DA08BAE-AA56-4CBA-9C60-EEBC3F2E2364}.Release|x64.ActiveCfg = Release|Any CPU
		{1DA08BAE-AA56-4CBA-9C60-EEBC3F2E2364}.Release|x64.Build.0 = Release|Any CPU
		{1DA08BAE-AA56-4CBA-9C60-EEBC3F2E2364}.Release|x86.ActiveCfg = Release|Any CPU
		{1DA08BAE-AA56-4CBA-9C60-EEBC3F2E2364}.Release|x86.Build.0 = Release|Any CPU
		{0B3DBE63-454F-4224-981A-7ECE7E4244BC}.Debug|Any CPU.ActiveCfg = Debug|Any CPU
		{0B3DBE63-454F-4224-981A-7ECE7E4244BC}.Debug|Any CPU.Build.0 = Debug|Any CPU
		{0B3DBE63-454F-4224-981A-7ECE7E4244BC}.Debug|x64.ActiveCfg = Debug|Any CPU
		{0B3DBE63-454F-4224-981A-7ECE7E4244BC}.Debug|x64.Build.0 = Debug|Any CPU
		{0B3DBE63-454F-4224-981A-7ECE7E4244BC}.Debug|x86.ActiveCfg = Debug|Any CPU
		{0B3DBE63-454F-4224-981A-7ECE7E4244BC}.Debug|x86.Build.0 = Debug|Any CPU
		{0B3DBE63-454F-4224-981A-7ECE7E4244BC}.Release|Any CPU.ActiveCfg = Release|Any CPU
		{0B3DBE63-454F-4224-981A-7ECE7E4244BC}.Release|Any CPU.Build.0 = Release|Any CPU
		{0B3DBE63-454F-4224-981A-7ECE7E4244BC}.Release|x64.ActiveCfg = Release|Any CPU
		{0B3DBE63-454F-4224-981A-7ECE7E4244BC}.Release|x64.Build.0 = Release|Any CPU
		{0B3DBE63-454F-4224-981A-7ECE7E4244BC}.Release|x86.ActiveCfg = Release|Any CPU
		{0B3DBE63-454F-4224-981A-7ECE7E4244BC}.Release|x86.Build.0 = Release|Any CPU
		{241FCF7F-1640-40D0-A1B8-966C18BCEB06}.Debug|Any CPU.ActiveCfg = Debug|Any CPU
		{241FCF7F-1640-40D0-A1B8-966C18BCEB06}.Debug|Any CPU.Build.0 = Debug|Any CPU
		{241FCF7F-1640-40D0-A1B8-966C18BCEB06}.Debug|x64.ActiveCfg = Debug|Any CPU
		{241FCF7F-1640-40D0-A1B8-966C18BCEB06}.Debug|x64.Build.0 = Debug|Any CPU
		{241FCF7F-1640-40D0-A1B8-966C18BCEB06}.Debug|x86.ActiveCfg = Debug|Any CPU
		{241FCF7F-1640-40D0-A1B8-966C18BCEB06}.Debug|x86.Build.0 = Debug|Any CPU
		{241FCF7F-1640-40D0-A1B8-966C18BCEB06}.Release|Any CPU.ActiveCfg = Release|Any CPU
		{241FCF7F-1640-40D0-A1B8-966C18BCEB06}.Release|Any CPU.Build.0 = Release|Any CPU
		{241FCF7F-1640-40D0-A1B8-966C18BCEB06}.Release|x64.ActiveCfg = Release|Any CPU
		{241FCF7F-1640-40D0-A1B8-966C18BCEB06}.Release|x64.Build.0 = Release|Any CPU
		{241FCF7F-1640-40D0-A1B8-966C18BCEB06}.Release|x86.ActiveCfg = Release|Any CPU
		{241FCF7F-1640-40D0-A1B8-966C18BCEB06}.Release|x86.Build.0 = Release|Any CPU
		{BF549F71-997D-49A9-909C-7C74FAABF22B}.Debug|Any CPU.ActiveCfg = Debug|Any CPU
		{BF549F71-997D-49A9-909C-7C74FAABF22B}.Debug|Any CPU.Build.0 = Debug|Any CPU
		{BF549F71-997D-49A9-909C-7C74FAABF22B}.Debug|x64.ActiveCfg = Debug|Any CPU
		{BF549F71-997D-49A9-909C-7C74FAABF22B}.Debug|x64.Build.0 = Debug|Any CPU
		{BF549F71-997D-49A9-909C-7C74FAABF22B}.Debug|x86.ActiveCfg = Debug|Any CPU
		{BF549F71-997D-49A9-909C-7C74FAABF22B}.Debug|x86.Build.0 = Debug|Any CPU
		{BF549F71-997D-49A9-909C-7C74FAABF22B}.Release|Any CPU.ActiveCfg = Release|Any CPU
		{BF549F71-997D-49A9-909C-7C74FAABF22B}.Release|Any CPU.Build.0 = Release|Any CPU
		{BF549F71-997D-49A9-909C-7C74FAABF22B}.Release|x64.ActiveCfg = Release|Any CPU
		{BF549F71-997D-49A9-909C-7C74FAABF22B}.Release|x64.Build.0 = Release|Any CPU
		{BF549F71-997D-49A9-909C-7C74FAABF22B}.Release|x86.ActiveCfg = Release|Any CPU
		{BF549F71-997D-49A9-909C-7C74FAABF22B}.Release|x86.Build.0 = Release|Any CPU
	EndGlobalSection
	GlobalSection(SolutionProperties) = preSolution
		HideSolutionNode = FALSE
	EndGlobalSection
EndGlobal
